
Microsoft Visual Studio Solution File, Format Version 12.00
# Visual Studio 15
VisualStudioVersion = 15.0.26730.12
MinimumVisualStudioVersion = 10.0.40219.1
Project("{FAE04EC0-301F-11D3-BF4B-00C04F79EFBC}") = "ExtraConstraintsRepro", "ExtraConstraintsRepro\ExtraConstraintsRepro.csproj", "{0C3CE9A5-A198-4043-8FAA-B03CD0453D0E}"
EndProject
Global
	GlobalSection(SolutionConfigurationPlatforms) = preSolution
		Debug|Any CPU = Debug|Any CPU
		Release|Any CPU = Release|Any CPU
	EndGlobalSection
	GlobalSection(ProjectConfigurationPlatforms) = postSolution
		{0C3CE9A5-A198-4043-8FAA-B03CD0453D0E}.Debug|Any CPU.ActiveCfg = Debug|Any CPU
		{0C3CE9A5-A198-4043-8FAA-B03CD0453D0E}.Debug|Any CPU.Build.0 = Debug|Any CPU
		{0C3CE9A5-A198-4043-8FAA-B03CD0453D0E}.Release|Any CPU.ActiveCfg = Release|Any CPU
		{0C3CE9A5-A198-4043-8FAA-B03CD0453D0E}.Release|Any CPU.Build.0 = Release|Any CPU
	EndGlobalSection
	GlobalSection(SolutionProperties) = preSolution
		HideSolutionNode = FALSE
	EndGlobalSection
	GlobalSection(ExtensibilityGlobals) = postSolution
		SolutionGuid = {14CAA1CD-AE1D-405C-8D85-8504F6861A99}
	EndGlobalSection
EndGlobal
